// !$*UTF8*$!
{
	archiveVersion = 1;
	classes = {
	};
	objectVersion = 56;
	objects = {

/* Begin PBXBuildFile section */
		E56E4C892A5C67EE007E64B3 /* AppDelegate.swift in Sources */ = {isa = PBXBuildFile; fileRef = E56E4C882A5C67EE007E64B3 /* AppDelegate.swift */; };
		E56E4C8B2A5C67EE007E64B3 /* SceneDelegate.swift in Sources */ = {isa = PBXBuildFile; fileRef = E56E4C8A2A5C67EE007E64B3 /* SceneDelegate.swift */; };
		E56E4C8D2A5C67EE007E64B3 /* MainTabController.swift in Sources */ = {isa = PBXBuildFile; fileRef = E56E4C8C2A5C67EE007E64B3 /* MainTabController.swift */; };
		E56E4C922A5C67F2007E64B3 /* Assets.xcassets in Resources */ = {isa = PBXBuildFile; fileRef = E56E4C912A5C67F2007E64B3 /* Assets.xcassets */; };
		E56E4C952A5C67F2007E64B3 /* LaunchScreen.storyboard in Resources */ = {isa = PBXBuildFile; fileRef = E56E4C932A5C67F2007E64B3 /* LaunchScreen.storyboard */; };
		E56E4C9E2A5C6B5B007E64B3 /* HomeViewController.swift in Sources */ = {isa = PBXBuildFile; fileRef = E56E4C9D2A5C6B5B007E64B3 /* HomeViewController.swift */; };
		E56E4CA02A5C6B6B007E64B3 /* UpcomingViewController.swift in Sources */ = {isa = PBXBuildFile; fileRef = E56E4C9F2A5C6B6B007E64B3 /* UpcomingViewController.swift */; };
		E56E4CA22A5C6B79007E64B3 /* TopSearchViewController.swift in Sources */ = {isa = PBXBuildFile; fileRef = E56E4CA12A5C6B79007E64B3 /* TopSearchViewController.swift */; };
		E56E4CA42A5C6B87007E64B3 /* DownloadsViewController.swift in Sources */ = {isa = PBXBuildFile; fileRef = E56E4CA32A5C6B87007E64B3 /* DownloadsViewController.swift */; };
		E56E4CAB2A5C7218007E64B3 /* CollectionViewTableViewCell.swift in Sources */ = {isa = PBXBuildFile; fileRef = E56E4CAA2A5C7218007E64B3 /* CollectionViewTableViewCell.swift */; };
		E56E4CAD2A5C8241007E64B3 /* HeaderHeroUIView.swift in Sources */ = {isa = PBXBuildFile; fileRef = E56E4CAC2A5C8241007E64B3 /* HeaderHeroUIView.swift */; };
		E56E4CAF2A5C9197007E64B3 /* ModelArray.swift in Sources */ = {isa = PBXBuildFile; fileRef = E56E4CAE2A5C9196007E64B3 /* ModelArray.swift */; };
		E56E4CB12A5CA28C007E64B3 /* APICaller.swift in Sources */ = {isa = PBXBuildFile; fileRef = E56E4CB02A5CA28C007E64B3 /* APICaller.swift */; };
		E56E4CB32A5CA2A1007E64B3 /* Movie.swift in Sources */ = {isa = PBXBuildFile; fileRef = E56E4CB22A5CA2A1007E64B3 /* Movie.swift */; };
		E56E4CB52A5CB5F4007E64B3 /* Tv.swift in Sources */ = {isa = PBXBuildFile; fileRef = E56E4CB42A5CB5F3007E64B3 /* Tv.swift */; };
		E56E4CB72A5CB747007E64B3 /* Extensions.swift in Sources */ = {isa = PBXBuildFile; fileRef = E56E4CB62A5CB747007E64B3 /* Extensions.swift */; };
/* End PBXBuildFile section */

/* Begin PBXFileReference section */
		E56E4C852A5C67EE007E64B3 /* Netflix Clone.app */ = {isa = PBXFileReference; explicitFileType = wrapper.application; includeInIndex = 0; path = "Netflix Clone.app"; sourceTree = BUILT_PRODUCTS_DIR; };
		E56E4C882A5C67EE007E64B3 /* AppDelegate.swift */ = {isa = PBXFileReference; lastKnownFileType = sourcecode.swift; path = AppDelegate.swift; sourceTree = "<group>"; };
		E56E4C8A2A5C67EE007E64B3 /* SceneDelegate.swift */ = {isa = PBXFileReference; lastKnownFileType = sourcecode.swift; path = SceneDelegate.swift; sourceTree = "<group>"; };
		E56E4C8C2A5C67EE007E64B3 /* MainTabController.swift */ = {isa = PBXFileReference; lastKnownFileType = sourcecode.swift; path = MainTabController.swift; sourceTree = "<group>"; };
		E56E4C912A5C67F2007E64B3 /* Assets.xcassets */ = {isa = PBXFileReference; lastKnownFileType = folder.assetcatalog; path = Assets.xcassets; sourceTree = "<group>"; };
		E56E4C942A5C67F2007E64B3 /* Base */ = {isa = PBXFileReference; lastKnownFileType = file.storyboard; name = Base; path = Base.lproj/LaunchScreen.storyboard; sourceTree = "<group>"; };
		E56E4C962A5C67F2007E64B3 /* Info.plist */ = {isa = PBXFileReference; lastKnownFileType = text.plist.xml; path = Info.plist; sourceTree = "<group>"; };
		E56E4C9D2A5C6B5B007E64B3 /* HomeViewController.swift */ = {isa = PBXFileReference; lastKnownFileType = sourcecode.swift; path = HomeViewController.swift; sourceTree = "<group>"; };
		E56E4C9F2A5C6B6B007E64B3 /* UpcomingViewController.swift */ = {isa = PBXFileReference; lastKnownFileType = sourcecode.swift; path = UpcomingViewController.swift; sourceTree = "<group>"; };
		E56E4CA12A5C6B79007E64B3 /* TopSearchViewController.swift */ = {isa = PBXFileReference; lastKnownFileType = sourcecode.swift; path = TopSearchViewController.swift; sourceTree = "<group>"; };
		E56E4CA32A5C6B87007E64B3 /* DownloadsViewController.swift */ = {isa = PBXFileReference; lastKnownFileType = sourcecode.swift; path = DownloadsViewController.swift; sourceTree = "<group>"; };
		E56E4CAA2A5C7218007E64B3 /* CollectionViewTableViewCell.swift */ = {isa = PBXFileReference; lastKnownFileType = sourcecode.swift; path = CollectionViewTableViewCell.swift; sourceTree = "<group>"; };
		E56E4CAC2A5C8241007E64B3 /* HeaderHeroUIView.swift */ = {isa = PBXFileReference; lastKnownFileType = sourcecode.swift; path = HeaderHeroUIView.swift; sourceTree = "<group>"; };
		E56E4CAE2A5C9196007E64B3 /* ModelArray.swift */ = {isa = PBXFileReference; lastKnownFileType = sourcecode.swift; path = ModelArray.swift; sourceTree = "<group>"; };
		E56E4CB02A5CA28C007E64B3 /* APICaller.swift */ = {isa = PBXFileReference; lastKnownFileType = sourcecode.swift; path = APICaller.swift; sourceTree = "<group>"; };
		E56E4CB22A5CA2A1007E64B3 /* Movie.swift */ = {isa = PBXFileReference; lastKnownFileType = sourcecode.swift; path = Movie.swift; sourceTree = "<group>"; };
		E56E4CB42A5CB5F3007E64B3 /* Tv.swift */ = {isa = PBXFileReference; lastKnownFileType = sourcecode.swift; path = Tv.swift; sourceTree = "<group>"; };
		E56E4CB62A5CB747007E64B3 /* Extensions.swift */ = {isa = PBXFileReference; lastKnownFileType = sourcecode.swift; path = Extensions.swift; sourceTree = "<group>"; };
/* End PBXFileReference section */

/* Begin PBXFrameworksBuildPhase section */
		E56E4C822A5C67EE007E64B3 /* Frameworks */ = {
			isa = PBXFrameworksBuildPhase;
			buildActionMask = 2147483647;
			files = (
			);
			runOnlyForDeploymentPostprocessing = 0;
		};
/* End PBXFrameworksBuildPhase section */

/* Begin PBXGroup section */
		E56E4C7C2A5C67EE007E64B3 = {
			isa = PBXGroup;
			children = (
				E56E4C872A5C67EE007E64B3 /* Netflix Clone */,
				E56E4C862A5C67EE007E64B3 /* Products */,
			);
			sourceTree = "<group>";
		};
		E56E4C862A5C67EE007E64B3 /* Products */ = {
			isa = PBXGroup;
			children = (
				E56E4C852A5C67EE007E64B3 /* Netflix Clone.app */,
			);
			name = Products;
			sourceTree = "<group>";
		};
		E56E4C872A5C67EE007E64B3 /* Netflix Clone */ = {
			isa = PBXGroup;
			children = (
				E56E4CA52A5C71C8007E64B3 /* Managers */,
				E56E4CA62A5C71CF007E64B3 /* Resources */,
				E56E4CA72A5C71D8007E64B3 /* Models */,
				E56E4CA82A5C71E0007E64B3 /* Views */,
				E56E4CA92A5C71E7007E64B3 /* ViewModels */,
				E56E4C9C2A5C6B2F007E64B3 /* Controller */,
				E56E4C882A5C67EE007E64B3 /* AppDelegate.swift */,
				E56E4C8A2A5C67EE007E64B3 /* SceneDelegate.swift */,
				E56E4C932A5C67F2007E64B3 /* LaunchScreen.storyboard */,
				E56E4C962A5C67F2007E64B3 /* Info.plist */,
			);
			path = "Netflix Clone";
			sourceTree = "<group>";
		};
		E56E4C9C2A5C6B2F007E64B3 /* Controller */ = {
			isa = PBXGroup;
			children = (
				E56E4C9D2A5C6B5B007E64B3 /* HomeViewController.swift */,
				E56E4C9F2A5C6B6B007E64B3 /* UpcomingViewController.swift */,
				E56E4CA12A5C6B79007E64B3 /* TopSearchViewController.swift */,
				E56E4CA32A5C6B87007E64B3 /* DownloadsViewController.swift */,
			);
			path = Controller;
			sourceTree = "<group>";
		};
		E56E4CA52A5C71C8007E64B3 /* Managers */ = {
			isa = PBXGroup;
			children = (
				E56E4C8C2A5C67EE007E64B3 /* MainTabController.swift */,
				E56E4CB02A5CA28C007E64B3 /* APICaller.swift */,
			);
			path = Managers;
			sourceTree = "<group>";
		};
		E56E4CA62A5C71CF007E64B3 /* Resources */ = {
			isa = PBXGroup;
			children = (
				E56E4CB62A5CB747007E64B3 /* Extensions.swift */,
			);
			path = Resources;
			sourceTree = "<group>";
		};
		E56E4CA72A5C71D8007E64B3 /* Models */ = {
			isa = PBXGroup;
			children = (
				E56E4CAE2A5C9196007E64B3 /* ModelArray.swift */,
				E56E4CB22A5CA2A1007E64B3 /* Movie.swift */,
				E56E4CB42A5CB5F3007E64B3 /* Tv.swift */,
			);
			path = Models;
			sourceTree = "<group>";
		};
		E56E4CA82A5C71E0007E64B3 /* Views */ = {
			isa = PBXGroup;
			children = (
				E56E4C912A5C67F2007E64B3 /* Assets.xcassets */,
				E56E4CAA2A5C7218007E64B3 /* CollectionViewTableViewCell.swift */,
				E56E4CAC2A5C8241007E64B3 /* HeaderHeroUIView.swift */,
			);
			path = Views;
			sourceTree = "<group>";
		};
		E56E4CA92A5C71E7007E64B3 /* ViewModels */ = {
			isa = PBXGroup;
			children = (
			);
			path = ViewModels;
			sourceTree = "<group>";
		};
/* End PBXGroup section */

/* Begin PBXNativeTarget section */
		E56E4C842A5C67EE007E64B3 /* Netflix Clone */ = {
			isa = PBXNativeTarget;
			buildConfigurationList = E56E4C992A5C67F2007E64B3 /* Build configuration list for PBXNativeTarget "Netflix Clone" */;
			buildPhases = (
				E56E4C812A5C67EE007E64B3 /* Sources */,
				E56E4C822A5C67EE007E64B3 /* Frameworks */,
				E56E4C832A5C67EE007E64B3 /* Resources */,
			);
			buildRules = (
			);
			dependencies = (
			);
			name = "Netflix Clone";
			productName = "Netflix Clone";
			productReference = E56E4C852A5C67EE007E64B3 /* Netflix Clone.app */;
			productType = "com.apple.product-type.application";
		};
/* End PBXNativeTarget section */

/* Begin PBXProject section */
		E56E4C7D2A5C67EE007E64B3 /* Project object */ = {
			isa = PBXProject;
			attributes = {
				BuildIndependentTargetsInParallel = 1;
				LastSwiftUpdateCheck = 1430;
				LastUpgradeCheck = 1430;
				TargetAttributes = {
					E56E4C842A5C67EE007E64B3 = {
						CreatedOnToolsVersion = 14.3.1;
					};
				};
			};
			buildConfigurationList = E56E4C802A5C67EE007E64B3 /* Build configuration list for PBXProject "Netflix Clone" */;
			compatibilityVersion = "Xcode 14.0";
			developmentRegion = en;
			hasScannedForEncodings = 0;
			knownRegions = (
				en,
				Base,
			);
			mainGroup = E56E4C7C2A5C67EE007E64B3;
			productRefGroup = E56E4C862A5C67EE007E64B3 /* Products */;
			projectDirPath = "";
			projectRoot = "";
			targets = (
				E56E4C842A5C67EE007E64B3 /* Netflix Clone */,
			);
		};
/* End PBXProject section */

/* Begin PBXResourcesBuildPhase section */
		E56E4C832A5C67EE007E64B3 /* Resources */ = {
			isa = PBXResourcesBuildPhase;
			buildActionMask = 2147483647;
			files = (
				E56E4C952A5C67F2007E64B3 /* LaunchScreen.storyboard in Resources */,
				E56E4C922A5C67F2007E64B3 /* Assets.xcassets in Resources */,
			);
			runOnlyForDeploymentPostprocessing = 0;
		};
/* End PBXResourcesBuildPhase section */

/* Begin PBXSourcesBuildPhase section */
		E56E4C812A5C67EE007E64B3 /* Sources */ = {
			isa = PBXSourcesBuildPhase;
			buildActionMask = 2147483647;
			files = (
				E56E4C8D2A5C67EE007E64B3 /* MainTabController.swift in Sources */,
				E56E4CAF2A5C9197007E64B3 /* ModelArray.swift in Sources */,
				E56E4CB32A5CA2A1007E64B3 /* Movie.swift in Sources */,
				E56E4C892A5C67EE007E64B3 /* AppDelegate.swift in Sources */,
				E56E4CAB2A5C7218007E64B3 /* CollectionViewTableViewCell.swift in Sources */,
				E56E4CA42A5C6B87007E64B3 /* DownloadsViewController.swift in Sources */,
				E56E4CA22A5C6B79007E64B3 /* TopSearchViewController.swift in Sources */,
				E56E4C8B2A5C67EE007E64B3 /* SceneDelegate.swift in Sources */,
				E56E4CA02A5C6B6B007E64B3 /* UpcomingViewController.swift in Sources */,
				E56E4CB12A5CA28C007E64B3 /* APICaller.swift in Sources */,
				E56E4CAD2A5C8241007E64B3 /* HeaderHeroUIView.swift in Sources */,
				E56E4CB52A5CB5F4007E64B3 /* Tv.swift in Sources */,
				E56E4C9E2A5C6B5B007E64B3 /* HomeViewController.swift in Sources */,
				E56E4CB72A5CB747007E64B3 /* Extensions.swift in Sources */,
			);
			runOnlyForDeploymentPostprocessing = 0;
		};
/* End PBXSourcesBuildPhase section */

/* Begin PBXVariantGroup section */
		E56E4C932A5C67F2007E64B3 /* LaunchScreen.storyboard */ = {
			isa = PBXVariantGroup;
			children = (
				E56E4C942A5C67F2007E64B3 /* Base */,
			);
			name = LaunchScreen.storyboard;
			sourceTree = "<group>";
		};
/* End PBXVariantGroup section */

/* Begin XCBuildConfiguration section */
		E56E4C972A5C67F2007E64B3 /* Debug */ = {
			isa = XCBuildConfiguration;
			buildSettings = {
				ALWAYS_SEARCH_USER_PATHS = NO;
				CLANG_ANALYZER_NONNULL = YES;
				CLANG_ANALYZER_NUMBER_OBJECT_CONVERSION = YES_AGGRESSIVE;
				CLANG_CXX_LANGUAGE_STANDARD = "gnu++20";
				CLANG_ENABLE_MODULES = YES;
				CLANG_ENABLE_OBJC_ARC = YES;
				CLANG_ENABLE_OBJC_WEAK = YES;
				CLANG_WARN_BLOCK_CAPTURE_AUTORELEASING = YES;
				CLANG_WARN_BOOL_CONVERSION = YES;
				CLANG_WARN_COMMA = YES;
				CLANG_WARN_CONSTANT_CONVERSION = YES;
				CLANG_WARN_DEPRECATED_OBJC_IMPLEMENTATIONS = YES;
				CLANG_WARN_DIRECT_OBJC_ISA_USAGE = YES_ERROR;
				CLANG_WARN_DOCUMENTATION_COMMENTS = YES;
				CLANG_WARN_EMPTY_BODY = YES;
				CLANG_WARN_ENUM_CONVERSION = YES;
				CLANG_WARN_INFINITE_RECURSION = YES;
				CLANG_WARN_INT_CONVERSION = YES;
				CLANG_WARN_NON_LITERAL_NULL_CONVERSION = YES;
				CLANG_WARN_OBJC_IMPLICIT_RETAIN_SELF = YES;
				CLANG_WARN_OBJC_LITERAL_CONVERSION = YES;
				CLANG_WARN_OBJC_ROOT_CLASS = YES_ERROR;
				CLANG_WARN_QUOTED_INCLUDE_IN_FRAMEWORK_HEADER = YES;
				CLANG_WARN_RANGE_LOOP_ANALYSIS = YES;
				CLANG_WARN_STRICT_PROTOTYPES = YES;
				CLANG_WARN_SUSPICIOUS_MOVE = YES;
				CLANG_WARN_UNGUARDED_AVAILABILITY = YES_AGGRESSIVE;
				CLANG_WARN_UNREACHABLE_CODE = YES;
				CLANG_WARN__DUPLICATE_METHOD_MATCH = YES;
				COPY_PHASE_STRIP = NO;
				DEBUG_INFORMATION_FORMAT = dwarf;
				ENABLE_STRICT_OBJC_MSGSEND = YES;
				ENABLE_TESTABILITY = YES;
				GCC_C_LANGUAGE_STANDARD = gnu11;
				GCC_DYNAMIC_NO_PIC = NO;
				GCC_NO_COMMON_BLOCKS = YES;
				GCC_OPTIMIZATION_LEVEL = 0;
				GCC_PREPROCESSOR_DEFINITIONS = (
					"DEBUG=1",
					"$(inherited)",
				);
				GCC_WARN_64_TO_32_BIT_CONVERSION = YES;
				GCC_WARN_ABOUT_RETURN_TYPE = YES_ERROR;
				GCC_WARN_UNDECLARED_SELECTOR = YES;
				GCC_WARN_UNINITIALIZED_AUTOS = YES_AGGRESSIVE;
				GCC_WARN_UNUSED_FUNCTION = YES;
				GCC_WARN_UNUSED_VARIABLE = YES;
				IPHONEOS_DEPLOYMENT_TARGET = 16.4;
				MTL_ENABLE_DEBUG_INFO = INCLUDE_SOURCE;
				MTL_FAST_MATH = YES;
				ONLY_ACTIVE_ARCH = YES;
				SDKROOT = iphoneos;
				SWIFT_ACTIVE_COMPILATION_CONDITIONS = DEBUG;
				SWIFT_OPTIMIZATION_LEVEL = "-Onone";
			};
			name = Debug;
		};
		E56E4C982A5C67F2007E64B3 /* Release */ = {
			isa = XCBuildConfiguration;
			buildSettings = {
				ALWAYS_SEARCH_USER_PATHS = NO;
				CLANG_ANALYZER_NONNULL = YES;
				CLANG_ANALYZER_NUMBER_OBJECT_CONVERSION = YES_AGGRESSIVE;
				CLANG_CXX_LANGUAGE_STANDARD = "gnu++20";
				CLANG_ENABLE_MODULES = YES;
				CLANG_ENABLE_OBJC_ARC = YES;
				CLANG_ENABLE_OBJC_WEAK = YES;
				CLANG_WARN_BLOCK_CAPTURE_AUTORELEASING = YES;
				CLANG_WARN_BOOL_CONVERSION = YES;
				CLANG_WARN_COMMA = YES;
				CLANG_WARN_CONSTANT_CONVERSION = YES;
				CLANG_WARN_DEPRECATED_OBJC_IMPLEMENTATIONS = YES;
				CLANG_WARN_DIRECT_OBJC_ISA_USAGE = YES_ERROR;
				CLANG_WARN_DOCUMENTATION_COMMENTS = YES;
				CLANG_WARN_EMPTY_BODY = YES;
				CLANG_WARN_ENUM_CONVERSION = YES;
				CLANG_WARN_INFINITE_RECURSION = YES;
				CLANG_WARN_INT_CONVERSION = YES;
				CLANG_WARN_NON_LITERAL_NULL_CONVERSION = YES;
				CLANG_WARN_OBJC_IMPLICIT_RETAIN_SELF = YES;
				CLANG_WARN_OBJC_LITERAL_CONVERSION = YES;
				CLANG_WARN_OBJC_ROOT_CLASS = YES_ERROR;
				CLANG_WARN_QUOTED_INCLUDE_IN_FRAMEWORK_HEADER = YES;
				CLANG_WARN_RANGE_LOOP_ANALYSIS = YES;
				CLANG_WARN_STRICT_PROTOTYPES = YES;
				CLANG_WARN_SUSPICIOUS_MOVE = YES;
				CLANG_WARN_UNGUARDED_AVAILABILITY = YES_AGGRESSIVE;
				CLANG_WARN_UNREACHABLE_CODE = YES;
				CLANG_WARN__DUPLICATE_METHOD_MATCH = YES;
				COPY_PHASE_STRIP = NO;
				DEBUG_INFORMATION_FORMAT = "dwarf-with-dsym";
				ENABLE_NS_ASSERTIONS = NO;
				ENABLE_STRICT_OBJC_MSGSEND = YES;
				GCC_C_LANGUAGE_STANDARD = gnu11;
				GCC_NO_COMMON_BLOCKS = YES;
				GCC_WARN_64_TO_32_BIT_CONVERSION = YES;
				GCC_WARN_ABOUT_RETURN_TYPE = YES_ERROR;
				GCC_WARN_UNDECLARED_SELECTOR = YES;
				GCC_WARN_UNINITIALIZED_AUTOS = YES_AGGRESSIVE;
				GCC_WARN_UNUSED_FUNCTION = YES;
				GCC_WARN_UNUSED_VARIABLE = YES;
				IPHONEOS_DEPLOYMENT_TARGET = 16.4;
				MTL_ENABLE_DEBUG_INFO = NO;
				MTL_FAST_MATH = YES;
				SDKROOT = iphoneos;
				SWIFT_COMPILATION_MODE = wholemodule;
				SWIFT_OPTIMIZATION_LEVEL = "-O";
				VALIDATE_PRODUCT = YES;
			};
			name = Release;
		};
		E56E4C9A2A5C67F2007E64B3 /* Debug */ = {
			isa = XCBuildConfiguration;
			buildSettings = {
				ASSETCATALOG_COMPILER_APPICON_NAME = AppIcon;
				ASSETCATALOG_COMPILER_GLOBAL_ACCENT_COLOR_NAME = AccentColor;
				CODE_SIGN_STYLE = Automatic;
				CURRENT_PROJECT_VERSION = 1;
				DEVELOPMENT_TEAM = 3A74NBF86H;
				GENERATE_INFOPLIST_FILE = YES;
				INFOPLIST_FILE = "Netflix Clone/Info.plist";
				INFOPLIST_KEY_UIApplicationSupportsIndirectInputEvents = YES;
				INFOPLIST_KEY_UILaunchStoryboardName = LaunchScreen;
				INFOPLIST_KEY_UISupportedInterfaceOrientations = UIInterfaceOrientationPortrait;
				LD_RUNPATH_SEARCH_PATHS = (
					"$(inherited)",
					"@executable_path/Frameworks",
				);
				MARKETING_VERSION = 1.0;
				PRODUCT_BUNDLE_IDENTIFIER = "com.caiocastro.Netflix-Clone";
				PRODUCT_NAME = "$(TARGET_NAME)";
				SWIFT_EMIT_LOC_STRINGS = YES;
				SWIFT_VERSION = 5.0;
				TARGETED_DEVICE_FAMILY = "1,2";
			};
			name = Debug;
		};
		E56E4C9B2A5C67F2007E64B3 /* Release */ = {
			isa = XCBuildConfiguration;
			buildSettings = {
				ASSETCATALOG_COMPILER_APPICON_NAME = AppIcon;
				ASSETCATALOG_COMPILER_GLOBAL_ACCENT_COLOR_NAME = AccentColor;
				CODE_SIGN_STYLE = Automatic;
				CURRENT_PROJECT_VERSION = 1;
				DEVELOPMENT_TEAM = 3A74NBF86H;
				GENERATE_INFOPLIST_FILE = YES;
				INFOPLIST_FILE = "Netflix Clone/Info.plist";
				INFOPLIST_KEY_UIApplicationSupportsIndirectInputEvents = YES;
				INFOPLIST_KEY_UILaunchStoryboardName = LaunchScreen;
				INFOPLIST_KEY_UISupportedInterfaceOrientations = UIInterfaceOrientationPortrait;
				LD_RUNPATH_SEARCH_PATHS = (
					"$(inherited)",
					"@executable_path/Frameworks",
				);
				MARKETING_VERSION = 1.0;
				PRODUCT_BUNDLE_IDENTIFIER = "com.caiocastro.Netflix-Clone";
				PRODUCT_NAME = "$(TARGET_NAME)";
				SWIFT_EMIT_LOC_STRINGS = YES;
				SWIFT_VERSION = 5.0;
				TARGETED_DEVICE_FAMILY = "1,2";
			};
			name = Release;
		};
/* End XCBuildConfiguration section */

/* Begin XCConfigurationList section */
		E56E4C802A5C67EE007E64B3 /* Build configuration list for PBXProject "Netflix Clone" */ = {
			isa = XCConfigurationList;
			buildConfigurations = (
				E56E4C972A5C67F2007E64B3 /* Debug */,
				E56E4C982A5C67F2007E64B3 /* Release */,
			);
			defaultConfigurationIsVisible = 0;
			defaultConfigurationName = Release;
		};
		E56E4C992A5C67F2007E64B3 /* Build configuration list for PBXNativeTarget "Netflix Clone" */ = {
			isa = XCConfigurationList;
			buildConfigurations = (
				E56E4C9A2A5C67F2007E64B3 /* Debug */,
				E56E4C9B2A5C67F2007E64B3 /* Release */,
			);
			defaultConfigurationIsVisible = 0;
			defaultConfigurationName = Release;
		};
/* End XCConfigurationList section */
	};
	rootObject = E56E4C7D2A5C67EE007E64B3 /* Project object */;
}
